// !$*UTF8*$!
{
	archiveVersion = 1;
	classes = {
	};
	objectVersion = 56;
	objects = {

/* Begin PBXBuildFile section */
		04230B8E29AD9DF200A447D4 /* main.swift in Sources */ = {isa = PBXBuildFile; fileRef = 04230B8D29AD9DF200A447D4 /* main.swift */; };
		0436E3C729D28C860095A1AA /* Item.swift in Sources */ = {isa = PBXBuildFile; fileRef = 0436E3C629D28C860095A1AA /* Item.swift */; };
		0436E3CB29D28CB00095A1AA /* Equipment.swift in Sources */ = {isa = PBXBuildFile; fileRef = 0436E3CA29D28CB00095A1AA /* Equipment.swift */; };
		0436E3CD29D28CDB0095A1AA /* Potion.swift in Sources */ = {isa = PBXBuildFile; fileRef = 0436E3CC29D28CDB0095A1AA /* Potion.swift */; };
		0436E3CF29D28CF20095A1AA /* Monster.swift in Sources */ = {isa = PBXBuildFile; fileRef = 0436E3CE29D28CF20095A1AA /* Monster.swift */; };
		0436E3D129D28D0A0095A1AA /* Action.swift in Sources */ = {isa = PBXBuildFile; fileRef = 0436E3D029D28D0A0095A1AA /* Action.swift */; };
		0436E3D329D28D2F0095A1AA /* Player.swift in Sources */ = {isa = PBXBuildFile; fileRef = 0436E3D229D28D2F0095A1AA /* Player.swift */; };
/* End PBXBuildFile section */

/* Begin PBXCopyFilesBuildPhase section */
		04230B8829AD9DF200A447D4 /* CopyFiles */ = {
			isa = PBXCopyFilesBuildPhase;
			buildActionMask = 2147483647;
			dstPath = /usr/share/man/man1/;
			dstSubfolderSpec = 0;
			files = (
			);
			runOnlyForDeploymentPostprocessing = 1;
		};
/* End PBXCopyFilesBuildPhase section */

/* Begin PBXFileReference section */
		04230B8A29AD9DF200A447D4 /* 0706012110032-Micheila Jiemesha-AFL 1 */ = {isa = PBXFileReference; explicitFileType = "compiled.mach-o.executable"; includeInIndex = 0; path = "0706012110032-Micheila Jiemesha-AFL 1"; sourceTree = BUILT_PRODUCTS_DIR; };
		04230B8D29AD9DF200A447D4 /* main.swift */ = {isa = PBXFileReference; lastKnownFileType = sourcecode.swift; path = main.swift; sourceTree = "<group>"; };
		0436E3C629D28C860095A1AA /* Item.swift */ = {isa = PBXFileReference; lastKnownFileType = sourcecode.swift; path = Item.swift; sourceTree = "<group>"; };
		0436E3CA29D28CB00095A1AA /* Equipment.swift */ = {isa = PBXFileReference; lastKnownFileType = sourcecode.swift; path = Equipment.swift; sourceTree = "<group>"; };
		0436E3CC29D28CDB0095A1AA /* Potion.swift */ = {isa = PBXFileReference; lastKnownFileType = sourcecode.swift; path = Potion.swift; sourceTree = "<group>"; };
		0436E3CE29D28CF20095A1AA /* Monster.swift */ = {isa = PBXFileReference; lastKnownFileType = sourcecode.swift; path = Monster.swift; sourceTree = "<group>"; };
		0436E3D029D28D0A0095A1AA /* Action.swift */ = {isa = PBXFileReference; lastKnownFileType = sourcecode.swift; path = Action.swift; sourceTree = "<group>"; };
		0436E3D229D28D2F0095A1AA /* Player.swift */ = {isa = PBXFileReference; lastKnownFileType = sourcecode.swift; path = Player.swift; sourceTree = "<group>"; };
/* End PBXFileReference section */

/* Begin PBXFrameworksBuildPhase section */
		04230B8729AD9DF200A447D4 /* Frameworks */ = {
			isa = PBXFrameworksBuildPhase;
			buildActionMask = 2147483647;
			files = (
			);
			runOnlyForDeploymentPostprocessing = 0;
		};
/* End PBXFrameworksBuildPhase section */

/* Begin PBXGroup section */
		04230B8129AD9DF200A447D4 = {
			isa = PBXGroup;
			children = (
				04230B8C29AD9DF200A447D4 /* 0706012110032-Micheila Jiemesha-AFL 1 */,
				04230B8B29AD9DF200A447D4 /* Products */,
			);
			sourceTree = "<group>";
		};
		04230B8B29AD9DF200A447D4 /* Products */ = {
			isa = PBXGroup;
			children = (
				04230B8A29AD9DF200A447D4 /* 0706012110032-Micheila Jiemesha-AFL 1 */,
			);
			name = Products;
			sourceTree = "<group>";
		};
		04230B8C29AD9DF200A447D4 /* 0706012110032-Micheila Jiemesha-AFL 1 */ = {
			isa = PBXGroup;
			children = (
				0436E3D429D28D3F0095A1AA /* Model */,
				04230B8D29AD9DF200A447D4 /* main.swift */,
			);
			path = "0706012110032-Micheila Jiemesha-AFL 1";
			sourceTree = "<group>";
		};
		0436E3D429D28D3F0095A1AA /* Model */ = {
			isa = PBXGroup;
			children = (
				0436E3C629D28C860095A1AA /* Item.swift */,
				0436E3CA29D28CB00095A1AA /* Equipment.swift */,
				0436E3CC29D28CDB0095A1AA /* Potion.swift */,
				0436E3CE29D28CF20095A1AA /* Monster.swift */,
				0436E3D029D28D0A0095A1AA /* Action.swift */,
				0436E3D229D28D2F0095A1AA /* Player.swift */,
			);
			path = Model;
			sourceTree = "<group>";
		};
/* End PBXGroup section */

/* Begin PBXNativeTarget section */
		04230B8929AD9DF200A447D4 /* 0706012110032-Micheila Jiemesha-AFL 1 */ = {
			isa = PBXNativeTarget;
			buildConfigurationList = 04230B9129AD9DF200A447D4 /* Build configuration list for PBXNativeTarget "0706012110032-Micheila Jiemesha-AFL 1" */;
			buildPhases = (
				04230B8629AD9DF200A447D4 /* Sources */,
				04230B8729AD9DF200A447D4 /* Frameworks */,
				04230B8829AD9DF200A447D4 /* CopyFiles */,
			);
			buildRules = (
			);
			dependencies = (
			);
			name = "0706012110032-Micheila Jiemesha-AFL 1";
			productName = "0706012110032-Micheila Jiemesha-AFL 1";
			productReference = 04230B8A29AD9DF200A447D4 /* 0706012110032-Micheila Jiemesha-AFL 1 */;
			productType = "com.apple.product-type.tool";
		};
/* End PBXNativeTarget section */

/* Begin PBXProject section */
		04230B8229AD9DF200A447D4 /* Project object */ = {
			isa = PBXProject;
			attributes = {
				BuildIndependentTargetsInParallel = 1;
				LastSwiftUpdateCheck = 1420;
				LastUpgradeCheck = 1420;
				TargetAttributes = {
					04230B8929AD9DF200A447D4 = {
						CreatedOnToolsVersion = 14.2;
					};
				};
			};
			buildConfigurationList = 04230B8529AD9DF200A447D4 /* Build configuration list for PBXProject "0706012110032-Micheila Jiemesha-AFL 1" */;
			compatibilityVersion = "Xcode 14.0";
			developmentRegion = en;
			hasScannedForEncodings = 0;
			knownRegions = (
				en,
				Base,
			);
			mainGroup = 04230B8129AD9DF200A447D4;
			productRefGroup = 04230B8B29AD9DF200A447D4 /* Products */;
			projectDirPath = "";
			projectRoot = "";
			targets = (
				04230B8929AD9DF200A447D4 /* 0706012110032-Micheila Jiemesha-AFL 1 */,
			);
		};
/* End PBXProject section */

/* Begin PBXSourcesBuildPhase section */
		04230B8629AD9DF200A447D4 /* Sources */ = {
			isa = PBXSourcesBuildPhase;
			buildActionMask = 2147483647;
			files = (
				0436E3CF29D28CF20095A1AA /* Monster.swift in Sources */,
				0436E3D129D28D0A0095A1AA /* Action.swift in Sources */,
				0436E3CD29D28CDB0095A1AA /* Potion.swift in Sources */,
				0436E3C729D28C860095A1AA /* Item.swift in Sources */,
				0436E3D329D28D2F0095A1AA /* Player.swift in Sources */,
				04230B8E29AD9DF200A447D4 /* main.swift in Sources */,
				0436E3CB29D28CB00095A1AA /* Equipment.swift in Sources */,
			);
			runOnlyForDeploymentPostprocessing = 0;
		};
/* End PBXSourcesBuildPhase section */

/* Begin XCBuildConfiguration section */
		04230B8F29AD9DF200A447D4 /* Debug */ = {
			isa = XCBuildConfiguration;
			buildSettings = {
				ALWAYS_SEARCH_USER_PATHS = NO;
				CLANG_ANALYZER_NONNULL = YES;
				CLANG_ANALYZER_NUMBER_OBJECT_CONVERSION = YES_AGGRESSIVE;
				CLANG_CXX_LANGUAGE_STANDARD = "gnu++20";
				CLANG_ENABLE_MODULES = YES;
				CLANG_ENABLE_OBJC_ARC = YES;
				CLANG_ENABLE_OBJC_WEAK = YES;
				CLANG_WARN_BLOCK_CAPTURE_AUTORELEASING = YES;
				CLANG_WARN_BOOL_CONVERSION = YES;
				CLANG_WARN_COMMA = YES;
				CLANG_WARN_CONSTANT_CONVERSION = YES;
				CLANG_WARN_DEPRECATED_OBJC_IMPLEMENTATIONS = YES;
				CLANG_WARN_DIRECT_OBJC_ISA_USAGE = YES_ERROR;
				CLANG_WARN_DOCUMENTATION_COMMENTS = YES;
				CLANG_WARN_EMPTY_BODY = YES;
				CLANG_WARN_ENUM_CONVERSION = YES;
				CLANG_WARN_INFINITE_RECURSION = YES;
				CLANG_WARN_INT_CONVERSION = YES;
				CLANG_WARN_NON_LITERAL_NULL_CONVERSION = YES;
				CLANG_WARN_OBJC_IMPLICIT_RETAIN_SELF = YES;
				CLANG_WARN_OBJC_LITERAL_CONVERSION = YES;
				CLANG_WARN_OBJC_ROOT_CLASS = YES_ERROR;
				CLANG_WARN_QUOTED_INCLUDE_IN_FRAMEWORK_HEADER = YES;
				CLANG_WARN_RANGE_LOOP_ANALYSIS = YES;
				CLANG_WARN_STRICT_PROTOTYPES = YES;
				CLANG_WARN_SUSPICIOUS_MOVE = YES;
				CLANG_WARN_UNGUARDED_AVAILABILITY = YES_AGGRESSIVE;
				CLANG_WARN_UNREACHABLE_CODE = YES;
				CLANG_WARN__DUPLICATE_METHOD_MATCH = YES;
				COPY_PHASE_STRIP = NO;
				DEBUG_INFORMATION_FORMAT = dwarf;
				ENABLE_STRICT_OBJC_MSGSEND = YES;
				ENABLE_TESTABILITY = YES;
				GCC_C_LANGUAGE_STANDARD = gnu11;
				GCC_DYNAMIC_NO_PIC = NO;
				GCC_NO_COMMON_BLOCKS = YES;
				GCC_OPTIMIZATION_LEVEL = 0;
				GCC_PREPROCESSOR_DEFINITIONS = (
					"DEBUG=1",
					"$(inherited)",
				);
				GCC_WARN_64_TO_32_BIT_CONVERSION = YES;
				GCC_WARN_ABOUT_RETURN_TYPE = YES_ERROR;
				GCC_WARN_UNDECLARED_SELECTOR = YES;
				GCC_WARN_UNINITIALIZED_AUTOS = YES_AGGRESSIVE;
				GCC_WARN_UNUSED_FUNCTION = YES;
				GCC_WARN_UNUSED_VARIABLE = YES;
				MACOSX_DEPLOYMENT_TARGET = 13.1;
				MTL_ENABLE_DEBUG_INFO = INCLUDE_SOURCE;
				MTL_FAST_MATH = YES;
				ONLY_ACTIVE_ARCH = YES;
				SDKROOT = macosx;
				SWIFT_ACTIVE_COMPILATION_CONDITIONS = DEBUG;
				SWIFT_OPTIMIZATION_LEVEL = "-Onone";
			};
			name = Debug;
		};
		04230B9029AD9DF200A447D4 /* Release */ = {
			isa = XCBuildConfiguration;
			buildSettings = {
				ALWAYS_SEARCH_USER_PATHS = NO;
				CLANG_ANALYZER_NONNULL = YES;
				CLANG_ANALYZER_NUMBER_OBJECT_CONVERSION = YES_AGGRESSIVE;
				CLANG_CXX_LANGUAGE_STANDARD = "gnu++20";
				CLANG_ENABLE_MODULES = YES;
				CLANG_ENABLE_OBJC_ARC = YES;
				CLANG_ENABLE_OBJC_WEAK = YES;
				CLANG_WARN_BLOCK_CAPTURE_AUTORELEASING = YES;
				CLANG_WARN_BOOL_CONVERSION = YES;
				CLANG_WARN_COMMA = YES;
				CLANG_WARN_CONSTANT_CONVERSION = YES;
				CLANG_WARN_DEPRECATED_OBJC_IMPLEMENTATIONS = YES;
				CLANG_WARN_DIRECT_OBJC_ISA_USAGE = YES_ERROR;
				CLANG_WARN_DOCUMENTATION_COMMENTS = YES;
				CLANG_WARN_EMPTY_BODY = YES;
				CLANG_WARN_ENUM_CONVERSION = YES;
				CLANG_WARN_INFINITE_RECURSION = YES;
				CLANG_WARN_INT_CONVERSION = YES;
				CLANG_WARN_NON_LITERAL_NULL_CONVERSION = YES;
				CLANG_WARN_OBJC_IMPLICIT_RETAIN_SELF = YES;
				CLANG_WARN_OBJC_LITERAL_CONVERSION = YES;
				CLANG_WARN_OBJC_ROOT_CLASS = YES_ERROR;
				CLANG_WARN_QUOTED_INCLUDE_IN_FRAMEWORK_HEADER = YES;
				CLANG_WARN_RANGE_LOOP_ANALYSIS = YES;
				CLANG_WARN_STRICT_PROTOTYPES = YES;
				CLANG_WARN_SUSPICIOUS_MOVE = YES;
				CLANG_WARN_UNGUARDED_AVAILABILITY = YES_AGGRESSIVE;
				CLANG_WARN_UNREACHABLE_CODE = YES;
				CLANG_WARN__DUPLICATE_METHOD_MATCH = YES;
				COPY_PHASE_STRIP = NO;
				DEBUG_INFORMATION_FORMAT = "dwarf-with-dsym";
				ENABLE_NS_ASSERTIONS = NO;
				ENABLE_STRICT_OBJC_MSGSEND = YES;
				GCC_C_LANGUAGE_STANDARD = gnu11;
				GCC_NO_COMMON_BLOCKS = YES;
				GCC_WARN_64_TO_32_BIT_CONVERSION = YES;
				GCC_WARN_ABOUT_RETURN_TYPE = YES_ERROR;
				GCC_WARN_UNDECLARED_SELECTOR = YES;
				GCC_WARN_UNINITIALIZED_AUTOS = YES_AGGRESSIVE;
				GCC_WARN_UNUSED_FUNCTION = YES;
				GCC_WARN_UNUSED_VARIABLE = YES;
				MACOSX_DEPLOYMENT_TARGET = 13.1;
				MTL_ENABLE_DEBUG_INFO = NO;
				MTL_FAST_MATH = YES;
				SDKROOT = macosx;
				SWIFT_COMPILATION_MODE = wholemodule;
				SWIFT_OPTIMIZATION_LEVEL = "-O";
			};
			name = Release;
		};
		04230B9229AD9DF200A447D4 /* Debug */ = {
			isa = XCBuildConfiguration;
			buildSettings = {
				CODE_SIGN_STYLE = Automatic;
				DEVELOPMENT_TEAM = 9KGU3SB5D7;
				ENABLE_HARDENED_RUNTIME = YES;
				PRODUCT_NAME = "$(TARGET_NAME)";
				SWIFT_VERSION = 5.0;
			};
			name = Debug;
		};
		04230B9329AD9DF200A447D4 /* Release */ = {
			isa = XCBuildConfiguration;
			buildSettings = {
				CODE_SIGN_STYLE = Automatic;
				DEVELOPMENT_TEAM = 9KGU3SB5D7;
				ENABLE_HARDENED_RUNTIME = YES;
				PRODUCT_NAME = "$(TARGET_NAME)";
				SWIFT_VERSION = 5.0;
			};
			name = Release;
		};
/* End XCBuildConfiguration section */

/* Begin XCConfigurationList section */
		04230B8529AD9DF200A447D4 /* Build configuration list for PBXProject "0706012110032-Micheila Jiemesha-AFL 1" */ = {
			isa = XCConfigurationList;
			buildConfigurations = (
				04230B8F29AD9DF200A447D4 /* Debug */,
				04230B9029AD9DF200A447D4 /* Release */,
			);
			defaultConfigurationIsVisible = 0;
			defaultConfigurationName = Release;
		};
		04230B9129AD9DF200A447D4 /* Build configuration list for PBXNativeTarget "0706012110032-Micheila Jiemesha-AFL 1" */ = {
			isa = XCConfigurationList;
			buildConfigurations = (
				04230B9229AD9DF200A447D4 /* Debug */,
				04230B9329AD9DF200A447D4 /* Release */,
			);
			defaultConfigurationIsVisible = 0;
			defaultConfigurationName = Release;
		};
/* End XCConfigurationList section */
	};
	rootObject = 04230B8229AD9DF200A447D4 /* Project object */;
}
